
Microsoft Visual Studio Solution File, Format Version 12.00
# Visual Studio Version 16
VisualStudioVersion = 16.0.31729.503
MinimumVisualStudioVersion = 10.0.40219.1
Project("{FAE04EC0-301F-11D3-BF4B-00C04F79EFBC}") = "MDManager", "MDManager.csproj", "{0135B960-80F8-4A44-8470-C318CDDF2057}"
EndProject
Global
	GlobalSection(SolutionConfigurationPlatforms) = preSolution
		Debug|Any CPU = Debug|Any CPU
		Release|Any CPU = Release|Any CPU
	EndGlobalSection
	GlobalSection(ProjectConfigurationPlatforms) = postSolution
		{0135B960-80F8-4A44-8470-C318CDDF2057}.Debug|Any CPU.ActiveCfg = Debug|Any CPU
		{0135B960-80F8-4A44-8470-C318CDDF2057}.Debug|Any CPU.Build.0 = Debug|Any CPU
		{0135B960-80F8-4A44-8470-C318CDDF2057}.Release|Any CPU.ActiveCfg = Release|Any CPU
		{0135B960-80F8-4A44-8470-C318CDDF2057}.Release|Any CPU.Build.0 = Release|Any CPU
	EndGlobalSection
	GlobalSection(SolutionProperties) = preSolution
		HideSolutionNode = FALSE
	EndGlobalSection
	GlobalSection(ExtensibilityGlobals) = postSolution
		SolutionGuid = {F2BC10EB-003F-4550-8DA5-488101CFCD31}
	EndGlobalSection
EndGlobal
